
Microsoft Visual Studio Solution File, Format Version 12.00
# Visual Studio Version 17
VisualStudioVersion = 17.5.33414.496
MinimumVisualStudioVersion = 10.0.40219.1
Project("{8BC9CEB8-8B4A-11D0-8D11-00A0C91BC942}") = "CudaTest", "CudaTest\CudaTest.vcxproj", "{4D15DEFD-1A8F-4B27-A7A7-D72B92A7FE08}"
EndProject
Global
	GlobalSection(SolutionConfigurationPlatforms) = preSolution
		Debug|x64 = Debug|x64
		Debug|x86 = Debug|x86
		Release|x64 = Release|x64
		Release|x86 = Release|x86
	EndGlobalSection
	GlobalSection(ProjectConfigurationPlatforms) = postSolution
		{4D15DEFD-1A8F-4B27-A7A7-D72B92A7FE08}.Debug|x64.ActiveCfg = Debug|x64
		{4D15DEFD-1A8F-4B27-A7A7-D72B92A7FE08}.Debug|x64.Build.0 = Debug|x64
		{4D15DEFD-1A8F-4B27-A7A7-D72B92A7FE08}.Debug|x86.ActiveCfg = Debug|Win32
		{4D15DEFD-1A8F-4B27-A7A7-D72B92A7FE08}.Debug|x86.Build.0 = Debug|Win32
		{4D15DEFD-1A8F-4B27-A7A7-D72B92A7FE08}.Release|x64.ActiveCfg = Release|x64
		{4D15DEFD-1A8F-4B27-A7A7-D72B92A7FE08}.Release|x64.Build.0 = Release|x64
		{4D15DEFD-1A8F-4B27-A7A7-D72B92A7FE08}.Release|x86.ActiveCfg = Release|Win32
		{4D15DEFD-1A8F-4B27-A7A7-D72B92A7FE08}.Release|x86.Build.0 = Release|Win32
	EndGlobalSection
	GlobalSection(SolutionProperties) = preSolution
		HideSolutionNode = FALSE
	EndGlobalSection
	GlobalSection(ExtensibilityGlobals) = postSolution
		SolutionGuid = {F7BF03B5-A969-4D7D-95BC-C611F731799F}
	EndGlobalSection
EndGlobal
